{
  "requires": true,
  "lockfileVersion": 1,
  "dependencies": {
    "jquery": {
      "version": "2.2.4",
      "resolved": "https://registry.npmjs.org/jquery/-/jquery-2.2.4.tgz",
      "integrity": "sha1-LInWiJterFIqfuoywUUhVZxsvwI="
    },
    "swiper.js": {
      "version": "1.0.0",
      "resolved": "https://registry.npmjs.org/swiper.js/-/swiper.js-1.0.0.tgz",
      "integrity": "sha1-/7HRV8TqnVz0PI3FjuaQJxtjmFk=",
      "requires": {
        "jquery": "^2.2.1"
      }
    }
  }
}
